
Microsoft Visual Studio Solution File, Format Version 12.00
# Visual Studio Version 17
VisualStudioVersion = 17.2.32630.192
MinimumVisualStudioVersion = 10.0.40219.1
Project("{9A19103F-16F7-4668-BE54-9A1E7A4F7556}") = "WebFinancialHelper", "WebFinancialHelper.csproj", "{8BD36AEC-FEBD-4BEA-BF5B-628C1C34EA08}"
EndProject
Project("{FAE04EC0-301F-11D3-BF4B-00C04F79EFBC}") = "UsersApi", "..\UsersApi\UsersApi.csproj", "{DA632C41-39C2-4970-A197-30F8A9877A1A}"
EndProject
Global
	GlobalSection(SolutionConfigurationPlatforms) = preSolution
		Debug|Any CPU = Debug|Any CPU
		Release|Any CPU = Release|Any CPU
	EndGlobalSection
	GlobalSection(ProjectConfigurationPlatforms) = postSolution
		{8BD36AEC-FEBD-4BEA-BF5B-628C1C34EA08}.Debug|Any CPU.ActiveCfg = Debug|Any CPU
		{8BD36AEC-FEBD-4BEA-BF5B-628C1C34EA08}.Debug|Any CPU.Build.0 = Debug|Any CPU
		{8BD36AEC-FEBD-4BEA-BF5B-628C1C34EA08}.Release|Any CPU.ActiveCfg = Release|Any CPU
		{8BD36AEC-FEBD-4BEA-BF5B-628C1C34EA08}.Release|Any CPU.Build.0 = Release|Any CPU
		{DA632C41-39C2-4970-A197-30F8A9877A1A}.Debug|Any CPU.ActiveCfg = Debug|Any CPU
		{DA632C41-39C2-4970-A197-30F8A9877A1A}.Debug|Any CPU.Build.0 = Debug|Any CPU
		{DA632C41-39C2-4970-A197-30F8A9877A1A}.Release|Any CPU.ActiveCfg = Release|Any CPU
		{DA632C41-39C2-4970-A197-30F8A9877A1A}.Release|Any CPU.Build.0 = Release|Any CPU
	EndGlobalSection
	GlobalSection(SolutionProperties) = preSolution
		HideSolutionNode = FALSE
	EndGlobalSection
	GlobalSection(ExtensibilityGlobals) = postSolution
		SolutionGuid = {2CFB33E2-D37C-41B8-B84B-7CEFB4571DF6}
	EndGlobalSection
EndGlobal
